# THIS IS AN AUTOGENERATED FILE. DO NOT EDIT THIS FILE DIRECTLY.
# yarn lockfile v1


ifttt@^0.1.2:
  version "0.1.2"
  resolved "https://registry.yarnpkg.com/ifttt/-/ifttt-0.1.2.tgz#17258e193e4ba3ce6c52d3927d8d66720a7185cf"
  dependencies:
    underscore "1.8.2"

underscore@1.8.2:
  version "1.8.2"
  resolved "https://registry.yarnpkg.com/underscore/-/underscore-1.8.2.tgz#64df2eb590899de950782f3735190ba42ebf311d"
